
Microsoft Visual Studio Solution File, Format Version 12.00
# Visual Studio Version 17
VisualStudioVersion = 17.13.35931.197 d17.13
MinimumVisualStudioVersion = 10.0.40219.1
Project("{FAE04EC0-301F-11D3-BF4B-00C04F79EFBC}") = "EmployeeAdminPortal", "EmployeeAdminPortal\EmployeeAdminPortal.csproj", "{B62404BA-8731-4A92-A619-ED6E91745853}"
EndProject
Global
	GlobalSection(SolutionConfigurationPlatforms) = preSolution
		Debug|Any CPU = Debug|Any CPU
		Release|Any CPU = Release|Any CPU
	EndGlobalSection
	GlobalSection(ProjectConfigurationPlatforms) = postSolution
		{B62404BA-8731-4A92-A619-ED6E91745853}.Debug|Any CPU.ActiveCfg = Debug|Any CPU
		{B62404BA-8731-4A92-A619-ED6E91745853}.Debug|Any CPU.Build.0 = Debug|Any CPU
		{B62404BA-8731-4A92-A619-ED6E91745853}.Release|Any CPU.ActiveCfg = Release|Any CPU
		{B62404BA-8731-4A92-A619-ED6E91745853}.Release|Any CPU.Build.0 = Release|Any CPU
	EndGlobalSection
	GlobalSection(SolutionProperties) = preSolution
		HideSolutionNode = FALSE
	EndGlobalSection
	GlobalSection(ExtensibilityGlobals) = postSolution
		SolutionGuid = {296FE3BB-548D-496C-B238-BD9CF175AC4D}
	EndGlobalSection
EndGlobal
